
Microsoft Visual Studio Solution File, Format Version 12.00
# Visual Studio Version 17
VisualStudioVersion = 17.4.33213.308
MinimumVisualStudioVersion = 10.0.40219.1
Project("{2150E333-8FDC-42A3-9474-1A3956D46DE8}") = "CH07", "CH07", "{59DA2E36-308F-40A3-8F17-1995B5F177BB}"
EndProject
Project("{9A19103F-16F7-4668-BE54-9A1E7A4F7556}") = "CH07_01.RoutedCommands", "CH07 Commands and MVVM\CH07_01.RoutedCommands\CH07_01.RoutedCommands.csproj", "{B72B61C4-250A-4B04-83B4-46B75A8B3D96}"
EndProject
Project("{9A19103F-16F7-4668-BE54-9A1E7A4F7556}") = "CH07_02.RoutedCommandsV2", "CH07 Commands and MVVM\CH07_02.RoutedCommandsV2\CH07_02.RoutedCommandsV2.csproj", "{B00E4964-36B9-4F86-858F-5646C6576AE3}"
EndProject
Project("{9A19103F-16F7-4668-BE54-9A1E7A4F7556}") = "CH07_03.CookbookMVVM", "CH07 Commands and MVVM\CH07_03.CookbookMVVM\CH07_03.CookbookMVVM.csproj", "{96D778E9-6AAE-4B50-9378-6D2EE9885ABF}"
EndProject
Project("{9A19103F-16F7-4668-BE54-9A1E7A4F7556}") = "CH07_04.BlogReader", "CH07 Commands and MVVM\CH07_04.BlogReader\CH07_04.BlogReader.csproj", "{F30751F2-C4F0-4F4B-B1B9-0B093FB18B59}"
EndProject
Project("{2150E333-8FDC-42A3-9474-1A3956D46DE8}") = "CH09", "CH09", "{A64BD0C3-B310-445E-9112-1A06AEB6AFD3}"
EndProject
Project("{FAE04EC0-301F-11D3-BF4B-00C04F79EFBC}") = "CH09_06.SimpleAnimation", "CH09 Graphics and Animation\CH09_06.SimpleAnimation\CH09_06.SimpleAnimation.csproj", "{99B9A31C-153C-4B42-B424-6F64ED14F93E}"
EndProject
Global
	GlobalSection(SolutionConfigurationPlatforms) = preSolution
		Debug|Any CPU = Debug|Any CPU
		Release|Any CPU = Release|Any CPU
	EndGlobalSection
	GlobalSection(ProjectConfigurationPlatforms) = postSolution
		{B72B61C4-250A-4B04-83B4-46B75A8B3D96}.Debug|Any CPU.ActiveCfg = Debug|Any CPU
		{B72B61C4-250A-4B04-83B4-46B75A8B3D96}.Debug|Any CPU.Build.0 = Debug|Any CPU
		{B72B61C4-250A-4B04-83B4-46B75A8B3D96}.Release|Any CPU.ActiveCfg = Release|Any CPU
		{B72B61C4-250A-4B04-83B4-46B75A8B3D96}.Release|Any CPU.Build.0 = Release|Any CPU
		{B00E4964-36B9-4F86-858F-5646C6576AE3}.Debug|Any CPU.ActiveCfg = Debug|Any CPU
		{B00E4964-36B9-4F86-858F-5646C6576AE3}.Debug|Any CPU.Build.0 = Debug|Any CPU
		{B00E4964-36B9-4F86-858F-5646C6576AE3}.Release|Any CPU.ActiveCfg = Release|Any CPU
		{B00E4964-36B9-4F86-858F-5646C6576AE3}.Release|Any CPU.Build.0 = Release|Any CPU
		{96D778E9-6AAE-4B50-9378-6D2EE9885ABF}.Debug|Any CPU.ActiveCfg = Debug|Any CPU
		{96D778E9-6AAE-4B50-9378-6D2EE9885ABF}.Debug|Any CPU.Build.0 = Debug|Any CPU
		{96D778E9-6AAE-4B50-9378-6D2EE9885ABF}.Release|Any CPU.ActiveCfg = Release|Any CPU
		{96D778E9-6AAE-4B50-9378-6D2EE9885ABF}.Release|Any CPU.Build.0 = Release|Any CPU
		{F30751F2-C4F0-4F4B-B1B9-0B093FB18B59}.Debug|Any CPU.ActiveCfg = Debug|Any CPU
		{F30751F2-C4F0-4F4B-B1B9-0B093FB18B59}.Debug|Any CPU.Build.0 = Debug|Any CPU
		{F30751F2-C4F0-4F4B-B1B9-0B093FB18B59}.Release|Any CPU.ActiveCfg = Release|Any CPU
		{F30751F2-C4F0-4F4B-B1B9-0B093FB18B59}.Release|Any CPU.Build.0 = Release|Any CPU
		{99B9A31C-153C-4B42-B424-6F64ED14F93E}.Debug|Any CPU.ActiveCfg = Debug|Any CPU
		{99B9A31C-153C-4B42-B424-6F64ED14F93E}.Debug|Any CPU.Build.0 = Debug|Any CPU
		{99B9A31C-153C-4B42-B424-6F64ED14F93E}.Release|Any CPU.ActiveCfg = Release|Any CPU
		{99B9A31C-153C-4B42-B424-6F64ED14F93E}.Release|Any CPU.Build.0 = Release|Any CPU
	EndGlobalSection
	GlobalSection(SolutionProperties) = preSolution
		HideSolutionNode = FALSE
	EndGlobalSection
	GlobalSection(NestedProjects) = preSolution
		{B72B61C4-250A-4B04-83B4-46B75A8B3D96} = {59DA2E36-308F-40A3-8F17-1995B5F177BB}
		{B00E4964-36B9-4F86-858F-5646C6576AE3} = {59DA2E36-308F-40A3-8F17-1995B5F177BB}
		{96D778E9-6AAE-4B50-9378-6D2EE9885ABF} = {59DA2E36-308F-40A3-8F17-1995B5F177BB}
		{F30751F2-C4F0-4F4B-B1B9-0B093FB18B59} = {59DA2E36-308F-40A3-8F17-1995B5F177BB}
		{99B9A31C-153C-4B42-B424-6F64ED14F93E} = {A64BD0C3-B310-445E-9112-1A06AEB6AFD3}
	EndGlobalSection
	GlobalSection(ExtensibilityGlobals) = postSolution
		SolutionGuid = {316A1FE2-CDCD-464D-824F-2D3A0AED4FF7}
	EndGlobalSection
EndGlobal
